
Microsoft Visual Studio Solution File, Format Version 12.00
# Visual Studio Version 16
VisualStudioVersion = 16.0.29318.209
MinimumVisualStudioVersion = 10.0.40219.1
Project("{FAE04EC0-301F-11D3-BF4B-00C04F79EFBC}") = "KanbanApp", "KanbanApp.csproj", "{782CE660-CE17-41A0-8FA0-FE1DD7D0209E}"
EndProject
Global
	GlobalSection(SolutionConfigurationPlatforms) = preSolution
		Debug|Any CPU = Debug|Any CPU
		Release|Any CPU = Release|Any CPU
	EndGlobalSection
	GlobalSection(ProjectConfigurationPlatforms) = postSolution
		{782CE660-CE17-41A0-8FA0-FE1DD7D0209E}.Debug|Any CPU.ActiveCfg = Debug|Any CPU
		{782CE660-CE17-41A0-8FA0-FE1DD7D0209E}.Debug|Any CPU.Build.0 = Debug|Any CPU
		{782CE660-CE17-41A0-8FA0-FE1DD7D0209E}.Release|Any CPU.ActiveCfg = Release|Any CPU
		{782CE660-CE17-41A0-8FA0-FE1DD7D0209E}.Release|Any CPU.Build.0 = Release|Any CPU
	EndGlobalSection
	GlobalSection(SolutionProperties) = preSolution
		HideSolutionNode = FALSE
	EndGlobalSection
	GlobalSection(ExtensibilityGlobals) = postSolution
		SolutionGuid = {2945AA02-37E3-4110-B5C3-46CCFC9A867D}
	EndGlobalSection
EndGlobal
